PODS:
  - Capacitor (1.2.1):
    - CapacitorCordova (= 1.2.1)
  - CapacitorCordova (1.2.1)
  - CordovaPlugins (1.2.1):
    - CapacitorCordova

DEPENDENCIES:
  - "Capacitor (from `../../node_modules/@capacitor/ios`)"
  - "CapacitorCordova (from `../../node_modules/@capacitor/ios`)"
  - CordovaPlugins (from `../capacitor-cordova-ios-plugins`)

EXTERNAL SOURCES:
  Capacitor:
    :path: "../../node_modules/@capacitor/ios"
  CapacitorCordova:
    :path: "../../node_modules/@capacitor/ios"
  CordovaPlugins:
    :path: "../capacitor-cordova-ios-plugins"

SPEC CHECKSUMS:
  Capacitor: e89d041bf912bccbbccab2e07d0f32aa4ca0f11a
  CapacitorCordova: 806e405d02de22c10a9b20a2ee4fb3f097cfb8a5
  CordovaPlugins: f24849b4df99fa3f609faf7bdefb5bc0cc901a7d

PODFILE CHECKSUM: e57e508ec5349ca6023fde9134b1008ce56a92fa

COCOAPODS: 1.8.4
