PODS:
  - Capacitor (1.1.0):
    - CapacitorCordova (= 1.1.0)
  - CapacitorCordova (1.1.0)
  - CordovaPlugins (1.1.0):
    - CapacitorCordova

DEPENDENCIES:
  - "Capacitor (from `../../node_modules/@capacitor/ios`)"
  - "CapacitorCordova (from `../../node_modules/@capacitor/ios`)"
  - CordovaPlugins (from `../capacitor-cordova-ios-plugins`)

EXTERNAL SOURCES:
  Capacitor:
    :path: "../../node_modules/@capacitor/ios"
  CapacitorCordova:
    :path: "../../node_modules/@capacitor/ios"
  CordovaPlugins:
    :path: "../capacitor-cordova-ios-plugins"

SPEC CHECKSUMS:
  Capacitor: c23087ba61b2620eed900331d434a85a07773c71
  CapacitorCordova: 49e84a6ab0ff82f00667bd27bb3c0e98bafea445
  CordovaPlugins: 56b58b2abc83f461590ed6728022910b21f58bdc

PODFILE CHECKSUM: e57e508ec5349ca6023fde9134b1008ce56a92fa

COCOAPODS: 1.6.1
