PODS:
  - Capacitor (1.0.0-beta.21):
    - CapacitorCordova (= 1.0.0-beta.21)
  - CapacitorCordova (1.0.0-beta.21)
  - CordovaPlugins (1.0.0-beta.22):
    - CapacitorCordova

DEPENDENCIES:
  - "Capacitor (from `../../node_modules/@capacitor/ios`)"
  - "CapacitorCordova (from `../../node_modules/@capacitor/ios`)"
  - CordovaPlugins (from `../capacitor-cordova-ios-plugins`)

EXTERNAL SOURCES:
  Capacitor:
    :path: "../../node_modules/@capacitor/ios"
  CapacitorCordova:
    :path: "../../node_modules/@capacitor/ios"
  CordovaPlugins:
    :path: "../capacitor-cordova-ios-plugins"

SPEC CHECKSUMS:
  Capacitor: 0ccd25660c42b0c4b43c2c741c1ec209c2f15936
  CapacitorCordova: 81b6d13303275c49a7886011b77cd09729f8b201
  CordovaPlugins: 1a126686cf2b3c2c95650dbb0d76e695805b4414

PODFILE CHECKSUM: e57e508ec5349ca6023fde9134b1008ce56a92fa

COCOAPODS: 1.6.1
